<Solution>
  <Project Path="DAL/DAL.csproj" />
  <Project Path="Functions/Functions.csproj" Id="21572093-aaba-45f0-a843-9d26b53e33a0" />
  <Project Path="RepositoryLayer/RepositoryLayer.csproj" Id="8b6bbb56-9495-46d9-a61b-98e0634c7549" />
  <Project Path="ServiceLayer.IntegrationTests/ServiceLayer.IntegrationTests.csproj" Id="99932a92-697f-4284-a55d-674b6928d551" />
  <Project Path="ServiceLayer/ServiceLayer.csproj" Id="e3a8bb9b-329b-4aec-9389-8e86803397bb" />
  <Project Path="Utilities.UnitTests/Utilities.UnitTests.csproj" Id="851d05fa-4391-47bb-ae93-c3e4d81e91bf" />
  <Project Path="Utilities/Utilities.csproj" Id="3e96c733-58e8-4620-a809-b71903550776" />
  <Project Path="WebApi.UnitTests/WebApi.UnitTests.csproj" Id="1988c04c-a3dc-43f4-9d94-058397d890ca" />
  <Project Path="WebApi/WebApi.csproj" Id="96cd942f-b4e3-4ea9-b67c-08943a925c7e" />
</Solution>
